
Microsoft Visual Studio Solution File, Format Version 12.00
# Visual Studio Version 17
VisualStudioVersion = 17.3.32901.215
MinimumVisualStudioVersion = 10.0.40219.1
Project("{9A19103F-16F7-4668-BE54-9A1E7A4F7556}") = "SQLEConnectUnitTests", "SQLEConnectUnitTests\SQLEConnectUnitTests.csproj", "{B4DE8236-5FF1-437F-B25C-45FE6F420FF7}"
EndProject
Project("{9A19103F-16F7-4668-BE54-9A1E7A4F7556}") = "SQLEConnect", "..\SQLEConnect\SQLEConnect\SQLEConnect.csproj", "{F1F84181-05EC-463D-A1A4-15A6D13EC64A}"
EndProject
Global
	GlobalSection(SolutionConfigurationPlatforms) = preSolution
		Debug|Any CPU = Debug|Any CPU
		Release|Any CPU = Release|Any CPU
	EndGlobalSection
	GlobalSection(ProjectConfigurationPlatforms) = postSolution
		{B4DE8236-5FF1-437F-B25C-45FE6F420FF7}.Debug|Any CPU.ActiveCfg = Debug|Any CPU
		{B4DE8236-5FF1-437F-B25C-45FE6F420FF7}.Debug|Any CPU.Build.0 = Debug|Any CPU
		{B4DE8236-5FF1-437F-B25C-45FE6F420FF7}.Release|Any CPU.ActiveCfg = Release|Any CPU
		{B4DE8236-5FF1-437F-B25C-45FE6F420FF7}.Release|Any CPU.Build.0 = Release|Any CPU
		{F1F84181-05EC-463D-A1A4-15A6D13EC64A}.Debug|Any CPU.ActiveCfg = Debug|Any CPU
		{F1F84181-05EC-463D-A1A4-15A6D13EC64A}.Debug|Any CPU.Build.0 = Debug|Any CPU
		{F1F84181-05EC-463D-A1A4-15A6D13EC64A}.Release|Any CPU.ActiveCfg = Release|Any CPU
		{F1F84181-05EC-463D-A1A4-15A6D13EC64A}.Release|Any CPU.Build.0 = Release|Any CPU
	EndGlobalSection
	GlobalSection(SolutionProperties) = preSolution
		HideSolutionNode = FALSE
	EndGlobalSection
	GlobalSection(ExtensibilityGlobals) = postSolution
		SolutionGuid = {C42C815F-E0F9-4D0C-8C29-59BE36736797}
	EndGlobalSection
EndGlobal
