
Microsoft Visual Studio Solution File, Format Version 12.00
# Visual Studio Version 17
VisualStudioVersion = 17.2.32602.215
MinimumVisualStudioVersion = 10.0.40219.1
Project("{9A19103F-16F7-4668-BE54-9A1E7A4F7556}") = "EConnectTests.Settings", "EConnectTests.Settings\EConnectTests.Settings.csproj", "{9117E07E-C1B5-40D4-B48C-450D3576B2E8}"
EndProject
Project("{9A19103F-16F7-4668-BE54-9A1E7A4F7556}") = "EConnectTests.SettingParser", "EConnectTests.SettingParser\EConnectTests.SettingParser.csproj", "{72B0FA9B-BB4A-4279-97DF-72968987588E}"
EndProject
Project("{9A19103F-16F7-4668-BE54-9A1E7A4F7556}") = "EConnect", "..\EConnect\EConnect\EConnect.csproj", "{441E0571-5F6C-435D-887C-45F5733789A6}"
EndProject
Project("{9A19103F-16F7-4668-BE54-9A1E7A4F7556}") = "EConnectTests.SQLServerQueries", "EConnectTests.SQLServerQueries\EConnectTests.SQLServerQueries.csproj", "{3D4BBCF7-0D00-4A0A-9D63-4B5AF85A3857}"
EndProject
Project("{9A19103F-16F7-4668-BE54-9A1E7A4F7556}") = "EConnectTests.Models", "EConnectTests.Models\EConnectTests.Models.csproj", "{5ACF068E-0D4D-4316-94B0-69B2B8DD7E53}"
EndProject
Project("{9A19103F-16F7-4668-BE54-9A1E7A4F7556}") = "EConnectTests.SQLiteQueries", "EConnectTests.SQLiteQueries\EConnectTests.SQLiteQueries.csproj", "{D54C6129-951B-497A-A6BD-626A8AB38865}"
EndProject
Project("{9A19103F-16F7-4668-BE54-9A1E7A4F7556}") = "EConnectTests.PostgreSQLQueries", "EConnectTests.PostgreSQLQueries\EConnectTests.PostgreSQLQueries.csproj", "{02D3E8D2-BBA0-4235-9C06-02BC4BA9E4A9}"
EndProject
Project("{9A19103F-16F7-4668-BE54-9A1E7A4F7556}") = "EConnectTests.MySQLQueries", "EConnectTests.MySQLQueries\EConnectTests.MySQLQueries.csproj", "{A749A038-F7B6-4CE3-B412-86CC5EEA2002}"
EndProject
Project("{9A19103F-16F7-4668-BE54-9A1E7A4F7556}") = "EConnectTests.Benchmarks", "EConnectTests.Benchmarks\EConnectTests.Benchmarks.csproj", "{F52BD2F0-3749-4F0C-96E7-36AADFEF7944}"
EndProject
Project("{9A19103F-16F7-4668-BE54-9A1E7A4F7556}") = "EConnectTests.OracleDatabaseQueries", "EConnectTests.OracleDatabaseQueries\EConnectTests.OracleDatabaseQueries.csproj", "{FB039E02-634D-4B4A-A867-F565D78788C5}"
EndProject
Global
	GlobalSection(SolutionConfigurationPlatforms) = preSolution
		Debug|Any CPU = Debug|Any CPU
		Release|Any CPU = Release|Any CPU
	EndGlobalSection
	GlobalSection(ProjectConfigurationPlatforms) = postSolution
		{9117E07E-C1B5-40D4-B48C-450D3576B2E8}.Debug|Any CPU.ActiveCfg = Debug|Any CPU
		{9117E07E-C1B5-40D4-B48C-450D3576B2E8}.Debug|Any CPU.Build.0 = Debug|Any CPU
		{9117E07E-C1B5-40D4-B48C-450D3576B2E8}.Release|Any CPU.ActiveCfg = Release|Any CPU
		{9117E07E-C1B5-40D4-B48C-450D3576B2E8}.Release|Any CPU.Build.0 = Release|Any CPU
		{72B0FA9B-BB4A-4279-97DF-72968987588E}.Debug|Any CPU.ActiveCfg = Debug|Any CPU
		{72B0FA9B-BB4A-4279-97DF-72968987588E}.Debug|Any CPU.Build.0 = Debug|Any CPU
		{72B0FA9B-BB4A-4279-97DF-72968987588E}.Release|Any CPU.ActiveCfg = Release|Any CPU
		{72B0FA9B-BB4A-4279-97DF-72968987588E}.Release|Any CPU.Build.0 = Release|Any CPU
		{441E0571-5F6C-435D-887C-45F5733789A6}.Debug|Any CPU.ActiveCfg = Debug|Any CPU
		{441E0571-5F6C-435D-887C-45F5733789A6}.Debug|Any CPU.Build.0 = Debug|Any CPU
		{441E0571-5F6C-435D-887C-45F5733789A6}.Release|Any CPU.ActiveCfg = Release|Any CPU
		{441E0571-5F6C-435D-887C-45F5733789A6}.Release|Any CPU.Build.0 = Release|Any CPU
		{3D4BBCF7-0D00-4A0A-9D63-4B5AF85A3857}.Debug|Any CPU.ActiveCfg = Debug|Any CPU
		{3D4BBCF7-0D00-4A0A-9D63-4B5AF85A3857}.Debug|Any CPU.Build.0 = Debug|Any CPU
		{3D4BBCF7-0D00-4A0A-9D63-4B5AF85A3857}.Release|Any CPU.ActiveCfg = Release|Any CPU
		{3D4BBCF7-0D00-4A0A-9D63-4B5AF85A3857}.Release|Any CPU.Build.0 = Release|Any CPU
		{5ACF068E-0D4D-4316-94B0-69B2B8DD7E53}.Debug|Any CPU.ActiveCfg = Debug|Any CPU
		{5ACF068E-0D4D-4316-94B0-69B2B8DD7E53}.Debug|Any CPU.Build.0 = Debug|Any CPU
		{5ACF068E-0D4D-4316-94B0-69B2B8DD7E53}.Release|Any CPU.ActiveCfg = Release|Any CPU
		{5ACF068E-0D4D-4316-94B0-69B2B8DD7E53}.Release|Any CPU.Build.0 = Release|Any CPU
		{D54C6129-951B-497A-A6BD-626A8AB38865}.Debug|Any CPU.ActiveCfg = Debug|Any CPU
		{D54C6129-951B-497A-A6BD-626A8AB38865}.Debug|Any CPU.Build.0 = Debug|Any CPU
		{D54C6129-951B-497A-A6BD-626A8AB38865}.Release|Any CPU.ActiveCfg = Release|Any CPU
		{D54C6129-951B-497A-A6BD-626A8AB38865}.Release|Any CPU.Build.0 = Release|Any CPU
		{02D3E8D2-BBA0-4235-9C06-02BC4BA9E4A9}.Debug|Any CPU.ActiveCfg = Debug|Any CPU
		{02D3E8D2-BBA0-4235-9C06-02BC4BA9E4A9}.Debug|Any CPU.Build.0 = Debug|Any CPU
		{02D3E8D2-BBA0-4235-9C06-02BC4BA9E4A9}.Release|Any CPU.ActiveCfg = Release|Any CPU
		{02D3E8D2-BBA0-4235-9C06-02BC4BA9E4A9}.Release|Any CPU.Build.0 = Release|Any CPU
		{A749A038-F7B6-4CE3-B412-86CC5EEA2002}.Debug|Any CPU.ActiveCfg = Debug|Any CPU
		{A749A038-F7B6-4CE3-B412-86CC5EEA2002}.Debug|Any CPU.Build.0 = Debug|Any CPU
		{A749A038-F7B6-4CE3-B412-86CC5EEA2002}.Release|Any CPU.ActiveCfg = Release|Any CPU
		{A749A038-F7B6-4CE3-B412-86CC5EEA2002}.Release|Any CPU.Build.0 = Release|Any CPU
		{F52BD2F0-3749-4F0C-96E7-36AADFEF7944}.Debug|Any CPU.ActiveCfg = Debug|Any CPU
		{F52BD2F0-3749-4F0C-96E7-36AADFEF7944}.Debug|Any CPU.Build.0 = Debug|Any CPU
		{F52BD2F0-3749-4F0C-96E7-36AADFEF7944}.Release|Any CPU.ActiveCfg = Release|Any CPU
		{F52BD2F0-3749-4F0C-96E7-36AADFEF7944}.Release|Any CPU.Build.0 = Release|Any CPU
		{FB039E02-634D-4B4A-A867-F565D78788C5}.Debug|Any CPU.ActiveCfg = Debug|Any CPU
		{FB039E02-634D-4B4A-A867-F565D78788C5}.Debug|Any CPU.Build.0 = Debug|Any CPU
		{FB039E02-634D-4B4A-A867-F565D78788C5}.Release|Any CPU.ActiveCfg = Release|Any CPU
		{FB039E02-634D-4B4A-A867-F565D78788C5}.Release|Any CPU.Build.0 = Release|Any CPU
	EndGlobalSection
	GlobalSection(SolutionProperties) = preSolution
		HideSolutionNode = FALSE
	EndGlobalSection
	GlobalSection(ExtensibilityGlobals) = postSolution
		SolutionGuid = {3E241C21-E707-45B3-A357-2AB6D0E4814B}
	EndGlobalSection
EndGlobal
